
Microsoft Visual Studio Solution File, Format Version 12.00
# Visual Studio Version 16
VisualStudioVersion = 16.0.30330.147
MinimumVisualStudioVersion = 10.0.40219.1
Project("{FAE04EC0-301F-11D3-BF4B-00C04F79EFBC}") = "RockSchool.WebApi", "RockSchool.WebApi\RockSchool.WebApi.csproj", "{2391D574-5BB7-41AF-8408-5AD1DE9331CE}"
EndProject
Project("{FAE04EC0-301F-11D3-BF4B-00C04F79EFBC}") = "RockSchool.Data", "RockSchool.Data\RockSchool.Data.csproj", "{17B781F6-C01A-4BD9-9B97-40843578BA63}"
EndProject
Project("{FAE04EC0-301F-11D3-BF4B-00C04F79EFBC}") = "RockSchool.BL", "RockSchool.BL\RockSchool.BL.csproj", "{8D068AD4-6183-4803-90E6-26EC29D152CA}"
EndProject
Global
	GlobalSection(SolutionConfigurationPlatforms) = preSolution
		Debug|Any CPU = Debug|Any CPU
		Release|Any CPU = Release|Any CPU
	EndGlobalSection
	GlobalSection(ProjectConfigurationPlatforms) = postSolution
		{2391D574-5BB7-41AF-8408-5AD1DE9331CE}.Debug|Any CPU.ActiveCfg = Debug|Any CPU
		{2391D574-5BB7-41AF-8408-5AD1DE9331CE}.Debug|Any CPU.Build.0 = Debug|Any CPU
		{2391D574-5BB7-41AF-8408-5AD1DE9331CE}.Release|Any CPU.ActiveCfg = Release|Any CPU
		{2391D574-5BB7-41AF-8408-5AD1DE9331CE}.Release|Any CPU.Build.0 = Release|Any CPU
		{17B781F6-C01A-4BD9-9B97-40843578BA63}.Debug|Any CPU.ActiveCfg = Debug|Any CPU
		{17B781F6-C01A-4BD9-9B97-40843578BA63}.Debug|Any CPU.Build.0 = Debug|Any CPU
		{17B781F6-C01A-4BD9-9B97-40843578BA63}.Release|Any CPU.ActiveCfg = Release|Any CPU
		{17B781F6-C01A-4BD9-9B97-40843578BA63}.Release|Any CPU.Build.0 = Release|Any CPU
		{8D068AD4-6183-4803-90E6-26EC29D152CA}.Debug|Any CPU.ActiveCfg = Debug|Any CPU
		{8D068AD4-6183-4803-90E6-26EC29D152CA}.Debug|Any CPU.Build.0 = Debug|Any CPU
		{8D068AD4-6183-4803-90E6-26EC29D152CA}.Release|Any CPU.ActiveCfg = Release|Any CPU
		{8D068AD4-6183-4803-90E6-26EC29D152CA}.Release|Any CPU.Build.0 = Release|Any CPU
	EndGlobalSection
	GlobalSection(SolutionProperties) = preSolution
		HideSolutionNode = FALSE
	EndGlobalSection
	GlobalSection(ExtensibilityGlobals) = postSolution
		SolutionGuid = {0526C7EF-9E86-42A2-AB6F-CB5307E16BD6}
	EndGlobalSection
EndGlobal
